
Microsoft Visual Studio Solution File, Format Version 12.00
# Visual Studio Version 16
VisualStudioVersion = 16.0.32126.315
MinimumVisualStudioVersion = 10.0.40219.1
Project("{9A19103F-16F7-4668-BE54-9A1E7A4F7556}") = "TariffComparison.Core", "TariffComparison\src\TariffComparison.Core\TariffComparison.Core.csproj", "{97934B4D-DAF8-4AB9-A454-C2B00A2B50E2}"
EndProject
Project("{9A19103F-16F7-4668-BE54-9A1E7A4F7556}") = "TariffComparison.Web", "TariffComparison\src\TariffComparison.Web\TariffComparison.Web.csproj", "{3F55F655-DEF5-4AC0-A0D0-37A1783D8AFC}"
EndProject
Project("{9A19103F-16F7-4668-BE54-9A1E7A4F7556}") = "TariffComparison.UnitTests", "TariffComparison\tests\TariffComparison.UnitTests\TariffComparison.UnitTests.csproj", "{97411934-34C5-4B4D-B2A2-3C6F0CAB4B4F}"
EndProject
Global
	GlobalSection(SolutionConfigurationPlatforms) = preSolution
		Debug|Any CPU = Debug|Any CPU
		Release|Any CPU = Release|Any CPU
	EndGlobalSection
	GlobalSection(ProjectConfigurationPlatforms) = postSolution
		{97934B4D-DAF8-4AB9-A454-C2B00A2B50E2}.Debug|Any CPU.ActiveCfg = Debug|Any CPU
		{97934B4D-DAF8-4AB9-A454-C2B00A2B50E2}.Debug|Any CPU.Build.0 = Debug|Any CPU
		{97934B4D-DAF8-4AB9-A454-C2B00A2B50E2}.Release|Any CPU.ActiveCfg = Release|Any CPU
		{97934B4D-DAF8-4AB9-A454-C2B00A2B50E2}.Release|Any CPU.Build.0 = Release|Any CPU
		{3F55F655-DEF5-4AC0-A0D0-37A1783D8AFC}.Debug|Any CPU.ActiveCfg = Debug|Any CPU
		{3F55F655-DEF5-4AC0-A0D0-37A1783D8AFC}.Debug|Any CPU.Build.0 = Debug|Any CPU
		{3F55F655-DEF5-4AC0-A0D0-37A1783D8AFC}.Release|Any CPU.ActiveCfg = Release|Any CPU
		{3F55F655-DEF5-4AC0-A0D0-37A1783D8AFC}.Release|Any CPU.Build.0 = Release|Any CPU
		{97411934-34C5-4B4D-B2A2-3C6F0CAB4B4F}.Debug|Any CPU.ActiveCfg = Debug|Any CPU
		{97411934-34C5-4B4D-B2A2-3C6F0CAB4B4F}.Debug|Any CPU.Build.0 = Debug|Any CPU
		{97411934-34C5-4B4D-B2A2-3C6F0CAB4B4F}.Release|Any CPU.ActiveCfg = Release|Any CPU
		{97411934-34C5-4B4D-B2A2-3C6F0CAB4B4F}.Release|Any CPU.Build.0 = Release|Any CPU
	EndGlobalSection
	GlobalSection(SolutionProperties) = preSolution
		HideSolutionNode = FALSE
	EndGlobalSection
	GlobalSection(ExtensibilityGlobals) = postSolution
		SolutionGuid = {25409C82-0512-4AC6-B2BD-5081D6F25D5D}
	EndGlobalSection
EndGlobal
